
Microsoft Visual Studio Solution File, Format Version 12.00
# Visual Studio Version 17
VisualStudioVersion = 17.9.34728.123
MinimumVisualStudioVersion = 10.0.40219.1
Project("{2150E333-8FDC-42A3-9474-1A3956D46DE8}") = "API", "API", "{437567F2-CFD8-4A5E-8044-D9E7759A88DB}"
EndProject
Project("{FAE04EC0-301F-11D3-BF4B-00C04F79EFBC}") = "ElasticSearch.API", "API\ElasticSearch.API\ElasticSearch.API.csproj", "{8639610E-3D5E-4697-B164-F230475D02FE}"
EndProject
Global
	GlobalSection(SolutionConfigurationPlatforms) = preSolution
		Debug|Any CPU = Debug|Any CPU
		Release|Any CPU = Release|Any CPU
	EndGlobalSection
	GlobalSection(ProjectConfigurationPlatforms) = postSolution
		{8639610E-3D5E-4697-B164-F230475D02FE}.Debug|Any CPU.ActiveCfg = Debug|Any CPU
		{8639610E-3D5E-4697-B164-F230475D02FE}.Debug|Any CPU.Build.0 = Debug|Any CPU
		{8639610E-3D5E-4697-B164-F230475D02FE}.Release|Any CPU.ActiveCfg = Release|Any CPU
		{8639610E-3D5E-4697-B164-F230475D02FE}.Release|Any CPU.Build.0 = Release|Any CPU
	EndGlobalSection
	GlobalSection(SolutionProperties) = preSolution
		HideSolutionNode = FALSE
	EndGlobalSection
	GlobalSection(NestedProjects) = preSolution
		{8639610E-3D5E-4697-B164-F230475D02FE} = {437567F2-CFD8-4A5E-8044-D9E7759A88DB}
	EndGlobalSection
	GlobalSection(ExtensibilityGlobals) = postSolution
		SolutionGuid = {F8635A55-A4A4-463C-AF04-7B5C14A1EE0C}
	EndGlobalSection
EndGlobal
